# This file is automatically @generated by Cargo.
# It is not intended for manual editing.
version = 3

[[package]]
name = "rsa-cli"
version = "0.1.0"
dependencies = [
 "rsa-core",
 "rsa-encrypt",
 "rsa-keygen",
]

[[package]]
name = "rsa-core"
version = "0.1.0"

[[package]]
name = "rsa-encrypt"
version = "0.1.0"
dependencies = [
 "rsa-core",
]

[[package]]
name = "rsa-keygen"
version = "0.1.0"
dependencies = [
 "rsa-core",
]
